// !$*UTF8*$!
{
	archiveVersion = 1;
	classes = {
	};
	objectVersion = 46;
	objects = {

/* Begin PBXBuildFile section */
		F75689221952081B0010733E /* main.m in Sources */ = {isa = PBXBuildFile; fileRef = F75689211952081B0010733E /* main.m */; };
		F75689251952081B0010733E /* AppDelegate.m in Sources */ = {isa = PBXBuildFile; fileRef = F75689241952081B0010733E /* AppDelegate.m */; };
		F75689271952081B0010733E /* Images.xcassets in Resources */ = {isa = PBXBuildFile; fileRef = F75689261952081B0010733E /* Images.xcassets */; };
		F75689331952081B0010733E /* ScrollViewBugTests.m in Sources */ = {isa = PBXBuildFile; fileRef = F75689321952081B0010733E /* ScrollViewBugTests.m */; };
		F756893E195208280010733E /* RootViewController.m in Sources */ = {isa = PBXBuildFile; fileRef = F756893D195208280010733E /* RootViewController.m */; };
/* End PBXBuildFile section */

/* Begin PBXContainerItemProxy section */
		F756892D1952081B0010733E /* PBXContainerItemProxy */ = {
			isa = PBXContainerItemProxy;
			containerPortal = F75689141952081B0010733E /* Project object */;
			proxyType = 1;
			remoteGlobalIDString = F756891B1952081B0010733E;
			remoteInfo = ScrollViewBug;
		};
/* End PBXContainerItemProxy section */

/* Begin PBXFileReference section */
		F756891C1952081B0010733E /* ScrollViewBug.app */ = {isa = PBXFileReference; explicitFileType = wrapper.application; includeInIndex = 0; path = ScrollViewBug.app; sourceTree = BUILT_PRODUCTS_DIR; };
		F75689201952081B0010733E /* Info.plist */ = {isa = PBXFileReference; lastKnownFileType = text.plist.xml; path = Info.plist; sourceTree = "<group>"; };
		F75689211952081B0010733E /* main.m */ = {isa = PBXFileReference; lastKnownFileType = sourcecode.c.objc; path = main.m; sourceTree = "<group>"; };
		F75689231952081B0010733E /* AppDelegate.h */ = {isa = PBXFileReference; lastKnownFileType = sourcecode.c.h; path = AppDelegate.h; sourceTree = "<group>"; };
		F75689241952081B0010733E /* AppDelegate.m */ = {isa = PBXFileReference; lastKnownFileType = sourcecode.c.objc; path = AppDelegate.m; sourceTree = "<group>"; };
		F75689261952081B0010733E /* Images.xcassets */ = {isa = PBXFileReference; lastKnownFileType = folder.assetcatalog; path = Images.xcassets; sourceTree = "<group>"; };
		F756892C1952081B0010733E /* ScrollViewBugTests.xctest */ = {isa = PBXFileReference; explicitFileType = wrapper.cfbundle; includeInIndex = 0; path = ScrollViewBugTests.xctest; sourceTree = BUILT_PRODUCTS_DIR; };
		F75689311952081B0010733E /* Info.plist */ = {isa = PBXFileReference; lastKnownFileType = text.plist.xml; path = Info.plist; sourceTree = "<group>"; };
		F75689321952081B0010733E /* ScrollViewBugTests.m */ = {isa = PBXFileReference; lastKnownFileType = sourcecode.c.objc; path = ScrollViewBugTests.m; sourceTree = "<group>"; };
		F756893C195208280010733E /* RootViewController.h */ = {isa = PBXFileReference; fileEncoding = 4; lastKnownFileType = sourcecode.c.h; path = RootViewController.h; sourceTree = "<group>"; };
		F756893D195208280010733E /* RootViewController.m */ = {isa = PBXFileReference; fileEncoding = 4; lastKnownFileType = sourcecode.c.objc; path = RootViewController.m; sourceTree = "<group>"; };
/* End PBXFileReference section */

/* Begin PBXFrameworksBuildPhase section */
		F75689191952081B0010733E /* Frameworks */ = {
			isa = PBXFrameworksBuildPhase;
			buildActionMask = 2147483647;
			files = (
			);
			runOnlyForDeploymentPostprocessing = 0;
		};
		F75689291952081B0010733E /* Frameworks */ = {
			isa = PBXFrameworksBuildPhase;
			buildActionMask = 2147483647;
			files = (
			);
			runOnlyForDeploymentPostprocessing = 0;
		};
/* End PBXFrameworksBuildPhase section */

/* Begin PBXGroup section */
		F75689131952081B0010733E = {
			isa = PBXGroup;
			children = (
				F756891E1952081B0010733E /* ScrollViewBug */,
				F756892F1952081B0010733E /* ScrollViewBugTests */,
				F756891D1952081B0010733E /* Products */,
			);
			sourceTree = "<group>";
		};
		F756891D1952081B0010733E /* Products */ = {
			isa = PBXGroup;
			children = (
				F756891C1952081B0010733E /* ScrollViewBug.app */,
				F756892C1952081B0010733E /* ScrollViewBugTests.xctest */,
			);
			name = Products;
			sourceTree = "<group>";
		};
		F756891E1952081B0010733E /* ScrollViewBug */ = {
			isa = PBXGroup;
			children = (
				F756893C195208280010733E /* RootViewController.h */,
				F756893D195208280010733E /* RootViewController.m */,
				F75689231952081B0010733E /* AppDelegate.h */,
				F75689241952081B0010733E /* AppDelegate.m */,
				F75689261952081B0010733E /* Images.xcassets */,
				F756891F1952081B0010733E /* Supporting Files */,
			);
			path = ScrollViewBug;
			sourceTree = "<group>";
		};
		F756891F1952081B0010733E /* Supporting Files */ = {
			isa = PBXGroup;
			children = (
				F75689201952081B0010733E /* Info.plist */,
				F75689211952081B0010733E /* main.m */,
			);
			name = "Supporting Files";
			sourceTree = "<group>";
		};
		F756892F1952081B0010733E /* ScrollViewBugTests */ = {
			isa = PBXGroup;
			children = (
				F75689321952081B0010733E /* ScrollViewBugTests.m */,
				F75689301952081B0010733E /* Supporting Files */,
			);
			path = ScrollViewBugTests;
			sourceTree = "<group>";
		};
		F75689301952081B0010733E /* Supporting Files */ = {
			isa = PBXGroup;
			children = (
				F75689311952081B0010733E /* Info.plist */,
			);
			name = "Supporting Files";
			sourceTree = "<group>";
		};
/* End PBXGroup section */

/* Begin PBXNativeTarget section */
		F756891B1952081B0010733E /* ScrollViewBug */ = {
			isa = PBXNativeTarget;
			buildConfigurationList = F75689361952081B0010733E /* Build configuration list for PBXNativeTarget "ScrollViewBug" */;
			buildPhases = (
				F75689181952081B0010733E /* Sources */,
				F75689191952081B0010733E /* Frameworks */,
				F756891A1952081B0010733E /* Resources */,
			);
			buildRules = (
			);
			dependencies = (
			);
			name = ScrollViewBug;
			productName = ScrollViewBug;
			productReference = F756891C1952081B0010733E /* ScrollViewBug.app */;
			productType = "com.apple.product-type.application";
		};
		F756892B1952081B0010733E /* ScrollViewBugTests */ = {
			isa = PBXNativeTarget;
			buildConfigurationList = F75689391952081B0010733E /* Build configuration list for PBXNativeTarget "ScrollViewBugTests" */;
			buildPhases = (
				F75689281952081B0010733E /* Sources */,
				F75689291952081B0010733E /* Frameworks */,
				F756892A1952081B0010733E /* Resources */,
			);
			buildRules = (
			);
			dependencies = (
				F756892E1952081B0010733E /* PBXTargetDependency */,
			);
			name = ScrollViewBugTests;
			productName = ScrollViewBugTests;
			productReference = F756892C1952081B0010733E /* ScrollViewBugTests.xctest */;
			productType = "com.apple.product-type.bundle.unit-test";
		};
/* End PBXNativeTarget section */

/* Begin PBXProject section */
		F75689141952081B0010733E /* Project object */ = {
			isa = PBXProject;
			attributes = {
				LastUpgradeCheck = 0600;
				ORGANIZATIONNAME = "David Kasper";
				TargetAttributes = {
					F756891B1952081B0010733E = {
						CreatedOnToolsVersion = 6.0;
					};
					F756892B1952081B0010733E = {
						CreatedOnToolsVersion = 6.0;
						TestTargetID = F756891B1952081B0010733E;
					};
				};
			};
			buildConfigurationList = F75689171952081B0010733E /* Build configuration list for PBXProject "ScrollViewBug" */;
			compatibilityVersion = "Xcode 3.2";
			developmentRegion = English;
			hasScannedForEncodings = 0;
			knownRegions = (
				en,
			);
			mainGroup = F75689131952081B0010733E;
			productRefGroup = F756891D1952081B0010733E /* Products */;
			projectDirPath = "";
			projectRoot = "";
			targets = (
				F756891B1952081B0010733E /* ScrollViewBug */,
				F756892B1952081B0010733E /* ScrollViewBugTests */,
			);
		};
/* End PBXProject section */

/* Begin PBXResourcesBuildPhase section */
		F756891A1952081B0010733E /* Resources */ = {
			isa = PBXResourcesBuildPhase;
			buildActionMask = 2147483647;
			files = (
				F75689271952081B0010733E /* Images.xcassets in Resources */,
			);
			runOnlyForDeploymentPostprocessing = 0;
		};
		F756892A1952081B0010733E /* Resources */ = {
			isa = PBXResourcesBuildPhase;
			buildActionMask = 2147483647;
			files = (
			);
			runOnlyForDeploymentPostprocessing = 0;
		};
/* End PBXResourcesBuildPhase section */

/* Begin PBXSourcesBuildPhase section */
		F75689181952081B0010733E /* Sources */ = {
			isa = PBXSourcesBuildPhase;
			buildActionMask = 2147483647;
			files = (
				F75689251952081B0010733E /* AppDelegate.m in Sources */,
				F75689221952081B0010733E /* main.m in Sources */,
				F756893E195208280010733E /* RootViewController.m in Sources */,
			);
			runOnlyForDeploymentPostprocessing = 0;
		};
		F75689281952081B0010733E /* Sources */ = {
			isa = PBXSourcesBuildPhase;
			buildActionMask = 2147483647;
			files = (
				F75689331952081B0010733E /* ScrollViewBugTests.m in Sources */,
			);
			runOnlyForDeploymentPostprocessing = 0;
		};
/* End PBXSourcesBuildPhase section */

/* Begin PBXTargetDependency section */
		F756892E1952081B0010733E /* PBXTargetDependency */ = {
			isa = PBXTargetDependency;
			target = F756891B1952081B0010733E /* ScrollViewBug */;
			targetProxy = F756892D1952081B0010733E /* PBXContainerItemProxy */;
		};
/* End PBXTargetDependency section */

/* Begin XCBuildConfiguration section */
		F75689341952081B0010733E /* Debug */ = {
			isa = XCBuildConfiguration;
			buildSettings = {
				ALWAYS_SEARCH_USER_PATHS = NO;
				CLANG_CXX_LANGUAGE_STANDARD = "gnu++0x";
				CLANG_CXX_LIBRARY = "libc++";
				CLANG_ENABLE_MODULES = YES;
				CLANG_ENABLE_OBJC_ARC = YES;
				CLANG_WARN_BOOL_CONVERSION = YES;
				CLANG_WARN_CONSTANT_CONVERSION = YES;
				CLANG_WARN_DIRECT_OBJC_ISA_USAGE = YES_ERROR;
				CLANG_WARN_EMPTY_BODY = YES;
				CLANG_WARN_ENUM_CONVERSION = YES;
				CLANG_WARN_INT_CONVERSION = YES;
				CLANG_WARN_OBJC_ROOT_CLASS = YES_ERROR;
				CLANG_WARN_UNREACHABLE_CODE = YES;
				CLANG_WARN__DUPLICATE_METHOD_MATCH = YES;
				"CODE_SIGN_IDENTITY[sdk=iphoneos*]" = "iPhone Developer";
				COPY_PHASE_STRIP = NO;
				ENABLE_STRICT_OBJC_MSGSEND = YES;
				GCC_C_LANGUAGE_STANDARD = gnu99;
				GCC_DYNAMIC_NO_PIC = NO;
				GCC_OPTIMIZATION_LEVEL = 0;
				GCC_PREPROCESSOR_DEFINITIONS = (
					"DEBUG=1",
					"$(inherited)",
				);
				GCC_SYMBOLS_PRIVATE_EXTERN = NO;
				GCC_WARN_64_TO_32_BIT_CONVERSION = YES;
				GCC_WARN_ABOUT_RETURN_TYPE = YES_ERROR;
				GCC_WARN_UNDECLARED_SELECTOR = YES;
				GCC_WARN_UNINITIALIZED_AUTOS = YES_AGGRESSIVE;
				GCC_WARN_UNUSED_FUNCTION = YES;
				GCC_WARN_UNUSED_VARIABLE = YES;
				IPHONEOS_DEPLOYMENT_TARGET = 8.0;
				METAL_ENABLE_DEBUG_INFO = YES;
				ONLY_ACTIVE_ARCH = YES;
				SDKROOT = iphoneos;
				TARGETED_DEVICE_FAMILY = "1,2";
			};
			name = Debug;
		};
		F75689351952081B0010733E /* Release */ = {
			isa = XCBuildConfiguration;
			buildSettings = {
				ALWAYS_SEARCH_USER_PATHS = NO;
				CLANG_CXX_LANGUAGE_STANDARD = "gnu++0x";
				CLANG_CXX_LIBRARY = "libc++";
				CLANG_ENABLE_MODULES = YES;
				CLANG_ENABLE_OBJC_ARC = YES;
				CLANG_WARN_BOOL_CONVERSION = YES;
				CLANG_WARN_CONSTANT_CONVERSION = YES;
				CLANG_WARN_DIRECT_OBJC_ISA_USAGE = YES_ERROR;
				CLANG_WARN_EMPTY_BODY = YES;
				CLANG_WARN_ENUM_CONVERSION = YES;
				CLANG_WARN_INT_CONVERSION = YES;
				CLANG_WARN_OBJC_ROOT_CLASS = YES_ERROR;
				CLANG_WARN_UNREACHABLE_CODE = YES;
				CLANG_WARN__DUPLICATE_METHOD_MATCH = YES;
				"CODE_SIGN_IDENTITY[sdk=iphoneos*]" = "iPhone Developer";
				COPY_PHASE_STRIP = YES;
				ENABLE_NS_ASSERTIONS = NO;
				ENABLE_STRICT_OBJC_MSGSEND = YES;
				GCC_C_LANGUAGE_STANDARD = gnu99;
				GCC_WARN_64_TO_32_BIT_CONVERSION = YES;
				GCC_WARN_ABOUT_RETURN_TYPE = YES_ERROR;
				GCC_WARN_UNDECLARED_SELECTOR = YES;
				GCC_WARN_UNINITIALIZED_AUTOS = YES_AGGRESSIVE;
				GCC_WARN_UNUSED_FUNCTION = YES;
				GCC_WARN_UNUSED_VARIABLE = YES;
				IPHONEOS_DEPLOYMENT_TARGET = 8.0;
				METAL_ENABLE_DEBUG_INFO = NO;
				SDKROOT = iphoneos;
				TARGETED_DEVICE_FAMILY = "1,2";
				VALIDATE_PRODUCT = YES;
			};
			name = Release;
		};
		F75689371952081B0010733E /* Debug */ = {
			isa = XCBuildConfiguration;
			buildSettings = {
				ASSETCATALOG_COMPILER_APPICON_NAME = AppIcon;
				ASSETCATALOG_COMPILER_LAUNCHIMAGE_NAME = LaunchImage;
				INFOPLIST_FILE = ScrollViewBug/Info.plist;
				IPHONEOS_DEPLOYMENT_TARGET = 7.0;
				LD_RUNPATH_SEARCH_PATHS = "$(inherited) @executable_path/Frameworks";
				PRODUCT_NAME = "$(TARGET_NAME)";
			};
			name = Debug;
		};
		F75689381952081B0010733E /* Release */ = {
			isa = XCBuildConfiguration;
			buildSettings = {
				ASSETCATALOG_COMPILER_APPICON_NAME = AppIcon;
				ASSETCATALOG_COMPILER_LAUNCHIMAGE_NAME = LaunchImage;
				INFOPLIST_FILE = ScrollViewBug/Info.plist;
				IPHONEOS_DEPLOYMENT_TARGET = 7.0;
				LD_RUNPATH_SEARCH_PATHS = "$(inherited) @executable_path/Frameworks";
				PRODUCT_NAME = "$(TARGET_NAME)";
			};
			name = Release;
		};
		F756893A1952081B0010733E /* Debug */ = {
			isa = XCBuildConfiguration;
			buildSettings = {
				BUNDLE_LOADER = "$(BUILT_PRODUCTS_DIR)/ScrollViewBug.app/ScrollViewBug";
				FRAMEWORK_SEARCH_PATHS = (
					"$(SDKROOT)/Developer/Library/Frameworks",
					"$(inherited)",
				);
				GCC_PREPROCESSOR_DEFINITIONS = (
					"DEBUG=1",
					"$(inherited)",
				);
				INFOPLIST_FILE = ScrollViewBugTests/Info.plist;
				LD_RUNPATH_SEARCH_PATHS = "$(inherited) @executable_path/Frameworks @loader_path/Frameworks";
				METAL_ENABLE_DEBUG_INFO = YES;
				PRODUCT_NAME = "$(TARGET_NAME)";
				TEST_HOST = "$(BUNDLE_LOADER)";
			};
			name = Debug;
		};
		F756893B1952081B0010733E /* Release */ = {
			isa = XCBuildConfiguration;
			buildSettings = {
				BUNDLE_LOADER = "$(BUILT_PRODUCTS_DIR)/ScrollViewBug.app/ScrollViewBug";
				FRAMEWORK_SEARCH_PATHS = (
					"$(SDKROOT)/Developer/Library/Frameworks",
					"$(inherited)",
				);
				INFOPLIST_FILE = ScrollViewBugTests/Info.plist;
				LD_RUNPATH_SEARCH_PATHS = "$(inherited) @executable_path/Frameworks @loader_path/Frameworks";
				METAL_ENABLE_DEBUG_INFO = NO;
				PRODUCT_NAME = "$(TARGET_NAME)";
				TEST_HOST = "$(BUNDLE_LOADER)";
			};
			name = Release;
		};
/* End XCBuildConfiguration section */

/* Begin XCConfigurationList section */
		F75689171952081B0010733E /* Build configuration list for PBXProject "ScrollViewBug" */ = {
			isa = XCConfigurationList;
			buildConfigurations = (
				F75689341952081B0010733E /* Debug */,
				F75689351952081B0010733E /* Release */,
			);
			defaultConfigurationIsVisible = 0;
			defaultConfigurationName = Release;
		};
		F75689361952081B0010733E /* Build configuration list for PBXNativeTarget "ScrollViewBug" */ = {
			isa = XCConfigurationList;
			buildConfigurations = (
				F75689371952081B0010733E /* Debug */,
				F75689381952081B0010733E /* Release */,
			);
			defaultConfigurationIsVisible = 0;
		};
		F75689391952081B0010733E /* Build configuration list for PBXNativeTarget "ScrollViewBugTests" */ = {
			isa = XCConfigurationList;
			buildConfigurations = (
				F756893A1952081B0010733E /* Debug */,
				F756893B1952081B0010733E /* Release */,
			);
			defaultConfigurationIsVisible = 0;
		};
/* End XCConfigurationList section */
	};
	rootObject = F75689141952081B0010733E /* Project object */;
}
